
Microsoft Visual Studio Solution File, Format Version 12.00
# Visual Studio Version 16
VisualStudioVersion = 16.0.30011.22
MinimumVisualStudioVersion = 10.0.40219.1
Project("{9A19103F-16F7-4668-BE54-9A1E7A4F7556}") = "WebAppCore", "WebAppCore.csproj", "{D8013F71-928A-4974-88D3-457D3768734F}"
EndProject
Project("{9A19103F-16F7-4668-BE54-9A1E7A4F7556}") = "TestLibrary", "..\TestLibrary\TestLibrary.csproj", "{D5E9C3F7-F255-42CB-82F3-2818C9BC5182}"
EndProject
Project("{9A19103F-16F7-4668-BE54-9A1E7A4F7556}") = "UnitTests", "..\UnitTests\UnitTests.csproj", "{58EB5156-7D1E-48FC-8291-58CED45D531B}"
EndProject
Global
	GlobalSection(SolutionConfigurationPlatforms) = preSolution
		Debug|Any CPU = Debug|Any CPU
		Release|Any CPU = Release|Any CPU
	EndGlobalSection
	GlobalSection(ProjectConfigurationPlatforms) = postSolution
		{D8013F71-928A-4974-88D3-457D3768734F}.Debug|Any CPU.ActiveCfg = Debug|Any CPU
		{D8013F71-928A-4974-88D3-457D3768734F}.Debug|Any CPU.Build.0 = Debug|Any CPU
		{D8013F71-928A-4974-88D3-457D3768734F}.Release|Any CPU.ActiveCfg = Release|Any CPU
		{D8013F71-928A-4974-88D3-457D3768734F}.Release|Any CPU.Build.0 = Release|Any CPU
		{D5E9C3F7-F255-42CB-82F3-2818C9BC5182}.Debug|Any CPU.ActiveCfg = Debug|Any CPU
		{D5E9C3F7-F255-42CB-82F3-2818C9BC5182}.Debug|Any CPU.Build.0 = Debug|Any CPU
		{D5E9C3F7-F255-42CB-82F3-2818C9BC5182}.Release|Any CPU.ActiveCfg = Release|Any CPU
		{D5E9C3F7-F255-42CB-82F3-2818C9BC5182}.Release|Any CPU.Build.0 = Release|Any CPU
		{58EB5156-7D1E-48FC-8291-58CED45D531B}.Debug|Any CPU.ActiveCfg = Debug|Any CPU
		{58EB5156-7D1E-48FC-8291-58CED45D531B}.Debug|Any CPU.Build.0 = Debug|Any CPU
		{58EB5156-7D1E-48FC-8291-58CED45D531B}.Release|Any CPU.ActiveCfg = Release|Any CPU
		{58EB5156-7D1E-48FC-8291-58CED45D531B}.Release|Any CPU.Build.0 = Release|Any CPU
	EndGlobalSection
	GlobalSection(SolutionProperties) = preSolution
		HideSolutionNode = FALSE
	EndGlobalSection
	GlobalSection(ExtensibilityGlobals) = postSolution
		SolutionGuid = {27068FFD-28AC-4937-B4BE-128851D3C097}
	EndGlobalSection
EndGlobal
